
Microsoft Visual Studio Solution File, Format Version 12.00
# Visual Studio Version 17
VisualStudioVersion = 17.6.33815.320
MinimumVisualStudioVersion = 10.0.40219.1
Project("{9A19103F-16F7-4668-BE54-9A1E7A4F7556}") = "WebApp", "Backend.WebApp\WebApp.csproj", "{13CDFC09-D5D7-4E65-B2F9-D2F929D51A9D}"
EndProject
Project("{9A19103F-16F7-4668-BE54-9A1E7A4F7556}") = "Core", "Backend.Core\Core.csproj", "{F4A6CF84-125D-4D3E-AEC4-5377ADEF94EA}"
EndProject
Project("{9A19103F-16F7-4668-BE54-9A1E7A4F7556}") = "DataBase", "Backend.DataBase\DataBase.csproj", "{9B4D5322-A006-4F12-BF6F-AD888DF1838C}"
EndProject
Project("{9A19103F-16F7-4668-BE54-9A1E7A4F7556}") = "Tests", "Backend.Tests\Tests.csproj", "{05163338-E543-42D4-BEA2-112B9F089A0F}"
EndProject
Global
	GlobalSection(SolutionConfigurationPlatforms) = preSolution
		Debug|Any CPU = Debug|Any CPU
		Release|Any CPU = Release|Any CPU
	EndGlobalSection
	GlobalSection(ProjectConfigurationPlatforms) = postSolution
		{13CDFC09-D5D7-4E65-B2F9-D2F929D51A9D}.Debug|Any CPU.ActiveCfg = Debug|Any CPU
		{13CDFC09-D5D7-4E65-B2F9-D2F929D51A9D}.Debug|Any CPU.Build.0 = Debug|Any CPU
		{13CDFC09-D5D7-4E65-B2F9-D2F929D51A9D}.Release|Any CPU.ActiveCfg = Release|Any CPU
		{13CDFC09-D5D7-4E65-B2F9-D2F929D51A9D}.Release|Any CPU.Build.0 = Release|Any CPU
		{F4A6CF84-125D-4D3E-AEC4-5377ADEF94EA}.Debug|Any CPU.ActiveCfg = Debug|Any CPU
		{F4A6CF84-125D-4D3E-AEC4-5377ADEF94EA}.Debug|Any CPU.Build.0 = Debug|Any CPU
		{F4A6CF84-125D-4D3E-AEC4-5377ADEF94EA}.Release|Any CPU.ActiveCfg = Release|Any CPU
		{F4A6CF84-125D-4D3E-AEC4-5377ADEF94EA}.Release|Any CPU.Build.0 = Release|Any CPU
		{9B4D5322-A006-4F12-BF6F-AD888DF1838C}.Debug|Any CPU.ActiveCfg = Debug|Any CPU
		{9B4D5322-A006-4F12-BF6F-AD888DF1838C}.Debug|Any CPU.Build.0 = Debug|Any CPU
		{9B4D5322-A006-4F12-BF6F-AD888DF1838C}.Release|Any CPU.ActiveCfg = Release|Any CPU
		{9B4D5322-A006-4F12-BF6F-AD888DF1838C}.Release|Any CPU.Build.0 = Release|Any CPU
		{05163338-E543-42D4-BEA2-112B9F089A0F}.Debug|Any CPU.ActiveCfg = Debug|Any CPU
		{05163338-E543-42D4-BEA2-112B9F089A0F}.Debug|Any CPU.Build.0 = Debug|Any CPU
		{05163338-E543-42D4-BEA2-112B9F089A0F}.Release|Any CPU.ActiveCfg = Release|Any CPU
		{05163338-E543-42D4-BEA2-112B9F089A0F}.Release|Any CPU.Build.0 = Release|Any CPU
	EndGlobalSection
	GlobalSection(SolutionProperties) = preSolution
		HideSolutionNode = FALSE
	EndGlobalSection
	GlobalSection(ExtensibilityGlobals) = postSolution
		SolutionGuid = {310361D6-25E5-4354-A7D8-2BF1CA914FBE}
	EndGlobalSection
EndGlobal
